// !$*UTF8*$!
{
	archiveVersion = 1;
	classes = {
	};
	objectVersion = 46;
	objects = {

/* Begin PBXBuildFile section */
		76829DE51DB80C7300138196 /* Event.swift in Sources */ = {isa = PBXBuildFile; fileRef = 76829DE41DB80C7300138196 /* Event.swift */; };
		76829DE81DB8196700138196 /* User.swift in Sources */ = {isa = PBXBuildFile; fileRef = 76829DE71DB8196700138196 /* User.swift */; };
		76829DEA1DB819DA00138196 /* Chatroom.swift in Sources */ = {isa = PBXBuildFile; fileRef = 76829DE91DB819DA00138196 /* Chatroom.swift */; };
		76829DEC1DB81A3200138196 /* Message.swift in Sources */ = {isa = PBXBuildFile; fileRef = 76829DEB1DB81A3200138196 /* Message.swift */; };
		76B0E13B1DB7DF6800B6AD02 /* AppDelegate.swift in Sources */ = {isa = PBXBuildFile; fileRef = 76B0E13A1DB7DF6800B6AD02 /* AppDelegate.swift */; };
		76B0E13D1DB7DF6800B6AD02 /* ViewController.swift in Sources */ = {isa = PBXBuildFile; fileRef = 76B0E13C1DB7DF6800B6AD02 /* ViewController.swift */; };
		76B0E1401DB7DF6800B6AD02 /* Main.storyboard in Resources */ = {isa = PBXBuildFile; fileRef = 76B0E13E1DB7DF6800B6AD02 /* Main.storyboard */; };
		76B0E1421DB7DF6800B6AD02 /* Assets.xcassets in Resources */ = {isa = PBXBuildFile; fileRef = 76B0E1411DB7DF6800B6AD02 /* Assets.xcassets */; };
		76B0E1451DB7DF6800B6AD02 /* LaunchScreen.storyboard in Resources */ = {isa = PBXBuildFile; fileRef = 76B0E1431DB7DF6800B6AD02 /* LaunchScreen.storyboard */; };
		9167DFD5C508040E3BFAA976 /* Pods_eventure_app.framework in Frameworks */ = {isa = PBXBuildFile; fileRef = 5B397BE436E5EFA4A26FFCC6 /* Pods_eventure_app.framework */; };
		A78C327D1DB937650004286C /* GoogleService-Info.plist in Resources */ = {isa = PBXBuildFile; fileRef = A78C327C1DB937650004286C /* GoogleService-Info.plist */; };
/* End PBXBuildFile section */

/* Begin PBXFileReference section */
		0B1099E2D1CE25D6A0BED6C6 /* Pods-eventure-app.release.xcconfig */ = {isa = PBXFileReference; includeInIndex = 1; lastKnownFileType = text.xcconfig; name = "Pods-eventure-app.release.xcconfig"; path = "Pods/Target Support Files/Pods-eventure-app/Pods-eventure-app.release.xcconfig"; sourceTree = "<group>"; };
		5B397BE436E5EFA4A26FFCC6 /* Pods_eventure_app.framework */ = {isa = PBXFileReference; explicitFileType = wrapper.framework; includeInIndex = 0; path = Pods_eventure_app.framework; sourceTree = BUILT_PRODUCTS_DIR; };
		76829DE41DB80C7300138196 /* Event.swift */ = {isa = PBXFileReference; fileEncoding = 4; lastKnownFileType = sourcecode.swift; path = Event.swift; sourceTree = "<group>"; };
		76829DE71DB8196700138196 /* User.swift */ = {isa = PBXFileReference; fileEncoding = 4; lastKnownFileType = sourcecode.swift; path = User.swift; sourceTree = "<group>"; };
		76829DE91DB819DA00138196 /* Chatroom.swift */ = {isa = PBXFileReference; fileEncoding = 4; lastKnownFileType = sourcecode.swift; path = Chatroom.swift; sourceTree = "<group>"; };
		76829DEB1DB81A3200138196 /* Message.swift */ = {isa = PBXFileReference; fileEncoding = 4; lastKnownFileType = sourcecode.swift; path = Message.swift; sourceTree = "<group>"; };
		76B0E1371DB7DF6800B6AD02 /* eventure-app.app */ = {isa = PBXFileReference; explicitFileType = wrapper.application; includeInIndex = 0; path = "eventure-app.app"; sourceTree = BUILT_PRODUCTS_DIR; };
		76B0E13A1DB7DF6800B6AD02 /* AppDelegate.swift */ = {isa = PBXFileReference; lastKnownFileType = sourcecode.swift; path = AppDelegate.swift; sourceTree = "<group>"; };
		76B0E13C1DB7DF6800B6AD02 /* ViewController.swift */ = {isa = PBXFileReference; lastKnownFileType = sourcecode.swift; path = ViewController.swift; sourceTree = "<group>"; };
		76B0E13F1DB7DF6800B6AD02 /* Base */ = {isa = PBXFileReference; lastKnownFileType = file.storyboard; name = Base; path = Base.lproj/Main.storyboard; sourceTree = "<group>"; };
		76B0E1411DB7DF6800B6AD02 /* Assets.xcassets */ = {isa = PBXFileReference; lastKnownFileType = folder.assetcatalog; path = Assets.xcassets; sourceTree = "<group>"; };
		76B0E1441DB7DF6800B6AD02 /* Base */ = {isa = PBXFileReference; lastKnownFileType = file.storyboard; name = Base; path = Base.lproj/LaunchScreen.storyboard; sourceTree = "<group>"; };
		76B0E1461DB7DF6800B6AD02 /* Info.plist */ = {isa = PBXFileReference; lastKnownFileType = text.plist.xml; path = Info.plist; sourceTree = "<group>"; };
		A78C327C1DB937650004286C /* GoogleService-Info.plist */ = {isa = PBXFileReference; fileEncoding = 4; lastKnownFileType = text.plist.xml; path = "GoogleService-Info.plist"; sourceTree = "<group>"; };
		C635F0D8890750993B317B73 /* Pods-eventure-app.debug.xcconfig */ = {isa = PBXFileReference; includeInIndex = 1; lastKnownFileType = text.xcconfig; name = "Pods-eventure-app.debug.xcconfig"; path = "Pods/Target Support Files/Pods-eventure-app/Pods-eventure-app.debug.xcconfig"; sourceTree = "<group>"; };
/* End PBXFileReference section */

/* Begin PBXFrameworksBuildPhase section */
		76B0E1341DB7DF6800B6AD02 /* Frameworks */ = {
			isa = PBXFrameworksBuildPhase;
			buildActionMask = 2147483647;
			files = (
				9167DFD5C508040E3BFAA976 /* Pods_eventure_app.framework in Frameworks */,
			);
			runOnlyForDeploymentPostprocessing = 0;
		};
/* End PBXFrameworksBuildPhase section */

/* Begin PBXGroup section */
		76829DE31DB80C4A00138196 /* Data Classes */ = {
			isa = PBXGroup;
			children = (
				76829DE41DB80C7300138196 /* Event.swift */,
				76829DE71DB8196700138196 /* User.swift */,
				76829DE91DB819DA00138196 /* Chatroom.swift */,
				76829DEB1DB81A3200138196 /* Message.swift */,
			);
			name = "Data Classes";
			sourceTree = "<group>";
		};
		76829DE61DB814F700138196 /* Utility Classes */ = {
			isa = PBXGroup;
			children = (
			);
			name = "Utility Classes";
			sourceTree = "<group>";
		};
		76B0E12E1DB7DF6800B6AD02 = {
			isa = PBXGroup;
			children = (
				76B0E1391DB7DF6800B6AD02 /* eventure-app */,
				76B0E1381DB7DF6800B6AD02 /* Products */,
				EEDE59D90E2D2F4F982E59D5 /* Pods */,
				FF0C3595B4FFE51923DDDC44 /* Frameworks */,
			);
			sourceTree = "<group>";
		};
		76B0E1381DB7DF6800B6AD02 /* Products */ = {
			isa = PBXGroup;
			children = (
				76B0E1371DB7DF6800B6AD02 /* eventure-app.app */,
			);
			name = Products;
			sourceTree = "<group>";
		};
		76B0E1391DB7DF6800B6AD02 /* eventure-app */ = {
			isa = PBXGroup;
			children = (
				76829DE61DB814F700138196 /* Utility Classes */,
				76829DE31DB80C4A00138196 /* Data Classes */,
				76B0E13A1DB7DF6800B6AD02 /* AppDelegate.swift */,
				76B0E13C1DB7DF6800B6AD02 /* ViewController.swift */,
				76B0E13E1DB7DF6800B6AD02 /* Main.storyboard */,
				76B0E1411DB7DF6800B6AD02 /* Assets.xcassets */,
				76B0E1431DB7DF6800B6AD02 /* LaunchScreen.storyboard */,
				A78C327C1DB937650004286C /* GoogleService-Info.plist */,
				76B0E1461DB7DF6800B6AD02 /* Info.plist */,
			);
			path = "eventure-app";
			sourceTree = "<group>";
		};
		EEDE59D90E2D2F4F982E59D5 /* Pods */ = {
			isa = PBXGroup;
			children = (
				C635F0D8890750993B317B73 /* Pods-eventure-app.debug.xcconfig */,
				0B1099E2D1CE25D6A0BED6C6 /* Pods-eventure-app.release.xcconfig */,
			);
			name = Pods;
			sourceTree = "<group>";
		};
		FF0C3595B4FFE51923DDDC44 /* Frameworks */ = {
			isa = PBXGroup;
			children = (
				5B397BE436E5EFA4A26FFCC6 /* Pods_eventure_app.framework */,
			);
			name = Frameworks;
			sourceTree = "<group>";
		};
/* End PBXGroup section */

/* Begin PBXNativeTarget section */
		76B0E1361DB7DF6800B6AD02 /* eventure-app */ = {
			isa = PBXNativeTarget;
			buildConfigurationList = 76B0E1491DB7DF6800B6AD02 /* Build configuration list for PBXNativeTarget "eventure-app" */;
			buildPhases = (
				6E954605EE8C38CAE760216D /* [CP] Check Pods Manifest.lock */,
				76B0E1331DB7DF6800B6AD02 /* Sources */,
				76B0E1341DB7DF6800B6AD02 /* Frameworks */,
				76B0E1351DB7DF6800B6AD02 /* Resources */,
				251619E30014A8DB20976476 /* [CP] Embed Pods Frameworks */,
				983DA97F21F0E2C8B37944CA /* [CP] Copy Pods Resources */,
			);
			buildRules = (
			);
			dependencies = (
			);
			name = "eventure-app";
			productName = "eventure-app";
			productReference = 76B0E1371DB7DF6800B6AD02 /* eventure-app.app */;
			productType = "com.apple.product-type.application";
		};
/* End PBXNativeTarget section */

/* Begin PBXProject section */
		76B0E12F1DB7DF6800B6AD02 /* Project object */ = {
			isa = PBXProject;
			attributes = {
				LastSwiftUpdateCheck = 0800;
				LastUpgradeCheck = 0800;
				ORGANIZATIONNAME = "eventure-app";
				TargetAttributes = {
					76B0E1361DB7DF6800B6AD02 = {
						CreatedOnToolsVersion = 8.0;
						ProvisioningStyle = Automatic;
					};
				};
			};
			buildConfigurationList = 76B0E1321DB7DF6800B6AD02 /* Build configuration list for PBXProject "eventure-app" */;
			compatibilityVersion = "Xcode 3.2";
			developmentRegion = English;
			hasScannedForEncodings = 0;
			knownRegions = (
				en,
				Base,
			);
			mainGroup = 76B0E12E1DB7DF6800B6AD02;
			productRefGroup = 76B0E1381DB7DF6800B6AD02 /* Products */;
			projectDirPath = "";
			projectRoot = "";
			targets = (
				76B0E1361DB7DF6800B6AD02 /* eventure-app */,
			);
		};
/* End PBXProject section */

/* Begin PBXResourcesBuildPhase section */
		76B0E1351DB7DF6800B6AD02 /* Resources */ = {
			isa = PBXResourcesBuildPhase;
			buildActionMask = 2147483647;
			files = (
				76B0E1451DB7DF6800B6AD02 /* LaunchScreen.storyboard in Resources */,
				A78C327D1DB937650004286C /* GoogleService-Info.plist in Resources */,
				76B0E1421DB7DF6800B6AD02 /* Assets.xcassets in Resources */,
				76B0E1401DB7DF6800B6AD02 /* Main.storyboard in Resources */,
			);
			runOnlyForDeploymentPostprocessing = 0;
		};
/* End PBXResourcesBuildPhase section */

/* Begin PBXShellScriptBuildPhase section */
		251619E30014A8DB20976476 /* [CP] Embed Pods Frameworks */ = {
			isa = PBXShellScriptBuildPhase;
			buildActionMask = 2147483647;
			files = (
			);
			inputPaths = (
			);
			name = "[CP] Embed Pods Frameworks";
			outputPaths = (
			);
			runOnlyForDeploymentPostprocessing = 0;
			shellPath = /bin/sh;
			shellScript = "\"${SRCROOT}/Pods/Target Support Files/Pods-eventure-app/Pods-eventure-app-frameworks.sh\"\n";
			showEnvVarsInLog = 0;
		};
		6E954605EE8C38CAE760216D /* [CP] Check Pods Manifest.lock */ = {
			isa = PBXShellScriptBuildPhase;
			buildActionMask = 2147483647;
			files = (
			);
			inputPaths = (
			);
			name = "[CP] Check Pods Manifest.lock";
			outputPaths = (
			);
			runOnlyForDeploymentPostprocessing = 0;
			shellPath = /bin/sh;
			shellScript = "diff \"${PODS_ROOT}/../Podfile.lock\" \"${PODS_ROOT}/Manifest.lock\" > /dev/null\nif [ $? != 0 ] ; then\n    # print error to STDERR\n    echo \"error: The sandbox is not in sync with the Podfile.lock. Run 'pod install' or update your CocoaPods installation.\" >&2\n    exit 1\nfi\n";
			showEnvVarsInLog = 0;
		};
		983DA97F21F0E2C8B37944CA /* [CP] Copy Pods Resources */ = {
			isa = PBXShellScriptBuildPhase;
			buildActionMask = 2147483647;
			files = (
			);
			inputPaths = (
			);
			name = "[CP] Copy Pods Resources";
			outputPaths = (
			);
			runOnlyForDeploymentPostprocessing = 0;
			shellPath = /bin/sh;
			shellScript = "\"${SRCROOT}/Pods/Target Support Files/Pods-eventure-app/Pods-eventure-app-resources.sh\"\n";
			showEnvVarsInLog = 0;
		};
/* End PBXShellScriptBuildPhase section */

/* Begin PBXSourcesBuildPhase section */
		76B0E1331DB7DF6800B6AD02 /* Sources */ = {
			isa = PBXSourcesBuildPhase;
			buildActionMask = 2147483647;
			files = (
				76829DE81DB8196700138196 /* User.swift in Sources */,
				76829DEA1DB819DA00138196 /* Chatroom.swift in Sources */,
				76B0E13D1DB7DF6800B6AD02 /* ViewController.swift in Sources */,
				76829DEC1DB81A3200138196 /* Message.swift in Sources */,
				76829DE51DB80C7300138196 /* Event.swift in Sources */,
				76B0E13B1DB7DF6800B6AD02 /* AppDelegate.swift in Sources */,
			);
			runOnlyForDeploymentPostprocessing = 0;
		};
/* End PBXSourcesBuildPhase section */

/* Begin PBXVariantGroup section */
		76B0E13E1DB7DF6800B6AD02 /* Main.storyboard */ = {
			isa = PBXVariantGroup;
			children = (
				76B0E13F1DB7DF6800B6AD02 /* Base */,
			);
			name = Main.storyboard;
			sourceTree = "<group>";
		};
		76B0E1431DB7DF6800B6AD02 /* LaunchScreen.storyboard */ = {
			isa = PBXVariantGroup;
			children = (
				76B0E1441DB7DF6800B6AD02 /* Base */,
			);
			name = LaunchScreen.storyboard;
			sourceTree = "<group>";
		};
/* End PBXVariantGroup section */

/* Begin XCBuildConfiguration section */
		76B0E1471DB7DF6800B6AD02 /* Debug */ = {
			isa = XCBuildConfiguration;
			buildSettings = {
				ALWAYS_SEARCH_USER_PATHS = NO;
				CLANG_ANALYZER_NONNULL = YES;
				CLANG_CXX_LANGUAGE_STANDARD = "gnu++0x";
				CLANG_CXX_LIBRARY = "libc++";
				CLANG_ENABLE_MODULES = YES;
				CLANG_ENABLE_OBJC_ARC = YES;
				CLANG_WARN_BOOL_CONVERSION = YES;
				CLANG_WARN_CONSTANT_CONVERSION = YES;
				CLANG_WARN_DIRECT_OBJC_ISA_USAGE = YES_ERROR;
				CLANG_WARN_DOCUMENTATION_COMMENTS = YES;
				CLANG_WARN_EMPTY_BODY = YES;
				CLANG_WARN_ENUM_CONVERSION = YES;
				CLANG_WARN_INFINITE_RECURSION = YES;
				CLANG_WARN_INT_CONVERSION = YES;
				CLANG_WARN_OBJC_ROOT_CLASS = YES_ERROR;
				CLANG_WARN_SUSPICIOUS_MOVES = YES;
				CLANG_WARN_UNREACHABLE_CODE = YES;
				CLANG_WARN__DUPLICATE_METHOD_MATCH = YES;
				"CODE_SIGN_IDENTITY[sdk=iphoneos*]" = "iPhone Developer";
				COPY_PHASE_STRIP = NO;
				DEBUG_INFORMATION_FORMAT = dwarf;
				ENABLE_STRICT_OBJC_MSGSEND = YES;
				ENABLE_TESTABILITY = YES;
				GCC_C_LANGUAGE_STANDARD = gnu99;
				GCC_DYNAMIC_NO_PIC = NO;
				GCC_NO_COMMON_BLOCKS = YES;
				GCC_OPTIMIZATION_LEVEL = 0;
				GCC_PREPROCESSOR_DEFINITIONS = (
					"DEBUG=1",
					"$(inherited)",
				);
				GCC_WARN_64_TO_32_BIT_CONVERSION = YES;
				GCC_WARN_ABOUT_RETURN_TYPE = YES_ERROR;
				GCC_WARN_UNDECLARED_SELECTOR = YES;
				GCC_WARN_UNINITIALIZED_AUTOS = YES_AGGRESSIVE;
				GCC_WARN_UNUSED_FUNCTION = YES;
				GCC_WARN_UNUSED_VARIABLE = YES;
				IPHONEOS_DEPLOYMENT_TARGET = 10.0;
				MTL_ENABLE_DEBUG_INFO = YES;
				ONLY_ACTIVE_ARCH = YES;
				SDKROOT = iphoneos;
				SWIFT_ACTIVE_COMPILATION_CONDITIONS = DEBUG;
				SWIFT_OPTIMIZATION_LEVEL = "-Onone";
			};
			name = Debug;
		};
		76B0E1481DB7DF6800B6AD02 /* Release */ = {
			isa = XCBuildConfiguration;
			buildSettings = {
				ALWAYS_SEARCH_USER_PATHS = NO;
				CLANG_ANALYZER_NONNULL = YES;
				CLANG_CXX_LANGUAGE_STANDARD = "gnu++0x";
				CLANG_CXX_LIBRARY = "libc++";
				CLANG_ENABLE_MODULES = YES;
				CLANG_ENABLE_OBJC_ARC = YES;
				CLANG_WARN_BOOL_CONVERSION = YES;
				CLANG_WARN_CONSTANT_CONVERSION = YES;
				CLANG_WARN_DIRECT_OBJC_ISA_USAGE = YES_ERROR;
				CLANG_WARN_DOCUMENTATION_COMMENTS = YES;
				CLANG_WARN_EMPTY_BODY = YES;
				CLANG_WARN_ENUM_CONVERSION = YES;
				CLANG_WARN_INFINITE_RECURSION = YES;
				CLANG_WARN_INT_CONVERSION = YES;
				CLANG_WARN_OBJC_ROOT_CLASS = YES_ERROR;
				CLANG_WARN_SUSPICIOUS_MOVES = YES;
				CLANG_WARN_UNREACHABLE_CODE = YES;
				CLANG_WARN__DUPLICATE_METHOD_MATCH = YES;
				"CODE_SIGN_IDENTITY[sdk=iphoneos*]" = "iPhone Developer";
				COPY_PHASE_STRIP = NO;
				DEBUG_INFORMATION_FORMAT = "dwarf-with-dsym";
				ENABLE_NS_ASSERTIONS = NO;
				ENABLE_STRICT_OBJC_MSGSEND = YES;
				GCC_C_LANGUAGE_STANDARD = gnu99;
				GCC_NO_COMMON_BLOCKS = YES;
				GCC_WARN_64_TO_32_BIT_CONVERSION = YES;
				GCC_WARN_ABOUT_RETURN_TYPE = YES_ERROR;
				GCC_WARN_UNDECLARED_SELECTOR = YES;
				GCC_WARN_UNINITIALIZED_AUTOS = YES_AGGRESSIVE;
				GCC_WARN_UNUSED_FUNCTION = YES;
				GCC_WARN_UNUSED_VARIABLE = YES;
				IPHONEOS_DEPLOYMENT_TARGET = 10.0;
				MTL_ENABLE_DEBUG_INFO = NO;
				SDKROOT = iphoneos;
				SWIFT_OPTIMIZATION_LEVEL = "-Owholemodule";
				VALIDATE_PRODUCT = YES;
			};
			name = Release;
		};
		76B0E14A1DB7DF6800B6AD02 /* Debug */ = {
			isa = XCBuildConfiguration;
			baseConfigurationReference = C635F0D8890750993B317B73 /* Pods-eventure-app.debug.xcconfig */;
			buildSettings = {
				ASSETCATALOG_COMPILER_APPICON_NAME = AppIcon;
				INFOPLIST_FILE = "eventure-app/Info.plist";
				LD_RUNPATH_SEARCH_PATHS = "$(inherited) @executable_path/Frameworks";
				PRODUCT_BUNDLE_IDENTIFIER = "com.eventure-app.com.eventure-app";
				PRODUCT_NAME = "$(TARGET_NAME)";
				SWIFT_VERSION = 3.0;
			};
			name = Debug;
		};
		76B0E14B1DB7DF6800B6AD02 /* Release */ = {
			isa = XCBuildConfiguration;
			baseConfigurationReference = 0B1099E2D1CE25D6A0BED6C6 /* Pods-eventure-app.release.xcconfig */;
			buildSettings = {
				ASSETCATALOG_COMPILER_APPICON_NAME = AppIcon;
				INFOPLIST_FILE = "eventure-app/Info.plist";
				LD_RUNPATH_SEARCH_PATHS = "$(inherited) @executable_path/Frameworks";
				PRODUCT_BUNDLE_IDENTIFIER = "com.eventure-app.com.eventure-app";
				PRODUCT_NAME = "$(TARGET_NAME)";
				SWIFT_VERSION = 3.0;
			};
			name = Release;
		};
/* End XCBuildConfiguration section */

/* Begin XCConfigurationList section */
		76B0E1321DB7DF6800B6AD02 /* Build configuration list for PBXProject "eventure-app" */ = {
			isa = XCConfigurationList;
			buildConfigurations = (
				76B0E1471DB7DF6800B6AD02 /* Debug */,
				76B0E1481DB7DF6800B6AD02 /* Release */,
			);
			defaultConfigurationIsVisible = 0;
			defaultConfigurationName = Release;
		};
		76B0E1491DB7DF6800B6AD02 /* Build configuration list for PBXNativeTarget "eventure-app" */ = {
			isa = XCConfigurationList;
			buildConfigurations = (
				76B0E14A1DB7DF6800B6AD02 /* Debug */,
				76B0E14B1DB7DF6800B6AD02 /* Release */,
			);
			defaultConfigurationIsVisible = 0;
			defaultConfigurationName = Release;
		};
/* End XCConfigurationList section */
	};
	rootObject = 76B0E12F1DB7DF6800B6AD02 /* Project object */;
}
